
Microsoft Visual Studio Solution File, Format Version 12.00
# Visual Studio Version 17
VisualStudioVersion = 17.3.32922.545
MinimumVisualStudioVersion = 10.0.40219.1
Project("{FAE04EC0-301F-11D3-BF4B-00C04F79EFBC}") = "CarrinhoDeCompra", "CarrinhoDeCompra.csproj", "{E2BF9C21-1E8D-4FC9-A2AD-BCD774F25788}"
EndProject
Global
	GlobalSection(SolutionConfigurationPlatforms) = preSolution
		Debug|Any CPU = Debug|Any CPU
		Release|Any CPU = Release|Any CPU
	EndGlobalSection
	GlobalSection(ProjectConfigurationPlatforms) = postSolution
		{E2BF9C21-1E8D-4FC9-A2AD-BCD774F25788}.Debug|Any CPU.ActiveCfg = Debug|Any CPU
		{E2BF9C21-1E8D-4FC9-A2AD-BCD774F25788}.Debug|Any CPU.Build.0 = Debug|Any CPU
		{E2BF9C21-1E8D-4FC9-A2AD-BCD774F25788}.Release|Any CPU.ActiveCfg = Release|Any CPU
		{E2BF9C21-1E8D-4FC9-A2AD-BCD774F25788}.Release|Any CPU.Build.0 = Release|Any CPU
	EndGlobalSection
	GlobalSection(SolutionProperties) = preSolution
		HideSolutionNode = FALSE
	EndGlobalSection
	GlobalSection(ExtensibilityGlobals) = postSolution
		SolutionGuid = {B782ED8D-BA3D-43D5-8FAC-DDFF7A8AE312}
	EndGlobalSection
EndGlobal
