
Microsoft Visual Studio Solution File, Format Version 12.00
# Visual Studio Version 17
VisualStudioVersion = 17.3.32922.545
MinimumVisualStudioVersion = 10.0.40219.1
Project("{9A19103F-16F7-4668-BE54-9A1E7A4F7556}") = "JogoDaVelha", "JogoDaVelha.csproj", "{6832791A-EACD-4E98-BDC6-7FCA3096719C}"
EndProject
Global
	GlobalSection(SolutionConfigurationPlatforms) = preSolution
		Debug|Any CPU = Debug|Any CPU
		Release|Any CPU = Release|Any CPU
	EndGlobalSection
	GlobalSection(ProjectConfigurationPlatforms) = postSolution
		{6832791A-EACD-4E98-BDC6-7FCA3096719C}.Debug|Any CPU.ActiveCfg = Debug|Any CPU
		{6832791A-EACD-4E98-BDC6-7FCA3096719C}.Debug|Any CPU.Build.0 = Debug|Any CPU
		{6832791A-EACD-4E98-BDC6-7FCA3096719C}.Release|Any CPU.ActiveCfg = Release|Any CPU
		{6832791A-EACD-4E98-BDC6-7FCA3096719C}.Release|Any CPU.Build.0 = Release|Any CPU
	EndGlobalSection
	GlobalSection(SolutionProperties) = preSolution
		HideSolutionNode = FALSE
	EndGlobalSection
	GlobalSection(ExtensibilityGlobals) = postSolution
		SolutionGuid = {547C1E92-32A5-46A1-9260-1C7A2B041067}
	EndGlobalSection
EndGlobal
